
Microsoft Visual Studio Solution File, Format Version 12.00
# Visual Studio Version 17
VisualStudioVersion = 17.14.37027.9
MinimumVisualStudioVersion = 10.0.40219.1
Project("{54A90642-561A-4BB1-A94E-469ADEE60C69}") = "PersonalWebsite", "PersonalWebsite.esproj", "{FDC8F619-A8BA-FFEB-5BEC-7F03E7865049}"
EndProject
Project("{FAE04EC0-301F-11D3-BF4B-00C04F79EFBC}") = "PersonalWebsite.Api", "..\PersonalWebsite.Api\PersonalWebsite.Api.csproj", "{49D4B70D-3232-434F-88E2-F6A1934D96D2}"
EndProject
Global
	GlobalSection(SolutionConfigurationPlatforms) = preSolution
		Debug|Any CPU = Debug|Any CPU
		Release|Any CPU = Release|Any CPU
	EndGlobalSection
	GlobalSection(ProjectConfigurationPlatforms) = postSolution
		{FDC8F619-A8BA-FFEB-5BEC-7F03E7865049}.Debug|Any CPU.ActiveCfg = Debug|Any CPU
		{FDC8F619-A8BA-FFEB-5BEC-7F03E7865049}.Debug|Any CPU.Build.0 = Debug|Any CPU
		{FDC8F619-A8BA-FFEB-5BEC-7F03E7865049}.Debug|Any CPU.Deploy.0 = Debug|Any CPU
		{FDC8F619-A8BA-FFEB-5BEC-7F03E7865049}.Release|Any CPU.ActiveCfg = Release|Any CPU
		{FDC8F619-A8BA-FFEB-5BEC-7F03E7865049}.Release|Any CPU.Build.0 = Release|Any CPU
		{FDC8F619-A8BA-FFEB-5BEC-7F03E7865049}.Release|Any CPU.Deploy.0 = Release|Any CPU
		{49D4B70D-3232-434F-88E2-F6A1934D96D2}.Debug|Any CPU.ActiveCfg = Debug|Any CPU
		{49D4B70D-3232-434F-88E2-F6A1934D96D2}.Debug|Any CPU.Build.0 = Debug|Any CPU
		{49D4B70D-3232-434F-88E2-F6A1934D96D2}.Release|Any CPU.ActiveCfg = Release|Any CPU
		{49D4B70D-3232-434F-88E2-F6A1934D96D2}.Release|Any CPU.Build.0 = Release|Any CPU
	EndGlobalSection
	GlobalSection(SolutionProperties) = preSolution
		HideSolutionNode = FALSE
	EndGlobalSection
	GlobalSection(ExtensibilityGlobals) = postSolution
		SolutionGuid = {FEB8E78E-504B-491E-B5AE-3C5435843138}
	EndGlobalSection
EndGlobal
